
Microsoft Visual Studio Solution File, Format Version 12.00
# Visual Studio Version 17
VisualStudioVersion = 17.0.32014.148
MinimumVisualStudioVersion = 10.0.40219.1
Project("{9A19103F-16F7-4668-BE54-9A1E7A4F7556}") = "novideo_srgb", "novideo_srgb\novideo_srgb.csproj", "{A6A97834-7BE1-474A-B92F-A512DB1D5186}"
EndProject
Project("{FAE04EC0-301F-11D3-BF4B-00C04F79EFBC}") = "novideo_srgb.core", "novideo_srgb.core\novideo_srgb.core.csproj", "{420A909D-0C36-4B16-8006-4676850735F2}"
EndProject
Global
	GlobalSection(SolutionConfigurationPlatforms) = preSolution
		Debug|Any CPU = Debug|Any CPU
		Debug|x64 = Debug|x64
		Release|Any CPU = Release|Any CPU
		Release|x64 = Release|x64
	EndGlobalSection
	GlobalSection(ProjectConfigurationPlatforms) = postSolution
		{A6A97834-7BE1-474A-B92F-A512DB1D5186}.Debug|Any CPU.ActiveCfg = Debug|Any CPU
		{A6A97834-7BE1-474A-B92F-A512DB1D5186}.Debug|Any CPU.Build.0 = Debug|Any CPU
		{A6A97834-7BE1-474A-B92F-A512DB1D5186}.Debug|x64.ActiveCfg = Debug|Any CPU
		{A6A97834-7BE1-474A-B92F-A512DB1D5186}.Debug|x64.Build.0 = Debug|Any CPU
		{A6A97834-7BE1-474A-B92F-A512DB1D5186}.Release|Any CPU.ActiveCfg = Release|Any CPU
		{A6A97834-7BE1-474A-B92F-A512DB1D5186}.Release|Any CPU.Build.0 = Release|Any CPU
		{A6A97834-7BE1-474A-B92F-A512DB1D5186}.Release|x64.ActiveCfg = Release|Any CPU
		{A6A97834-7BE1-474A-B92F-A512DB1D5186}.Release|x64.Build.0 = Release|Any CPU
		{420A909D-0C36-4B16-8006-4676850735F2}.Debug|Any CPU.ActiveCfg = Debug|Any CPU
		{420A909D-0C36-4B16-8006-4676850735F2}.Debug|Any CPU.Build.0 = Debug|Any CPU
		{420A909D-0C36-4B16-8006-4676850735F2}.Debug|x64.ActiveCfg = Debug|Any CPU
		{420A909D-0C36-4B16-8006-4676850735F2}.Debug|x64.Build.0 = Debug|Any CPU
		{420A909D-0C36-4B16-8006-4676850735F2}.Release|Any CPU.ActiveCfg = Release|Any CPU
		{420A909D-0C36-4B16-8006-4676850735F2}.Release|Any CPU.Build.0 = Release|Any CPU
		{420A909D-0C36-4B16-8006-4676850735F2}.Release|x64.ActiveCfg = Release|Any CPU
		{420A909D-0C36-4B16-8006-4676850735F2}.Release|x64.Build.0 = Release|Any CPU
	EndGlobalSection
	GlobalSection(SolutionProperties) = preSolution
		HideSolutionNode = FALSE
	EndGlobalSection
	GlobalSection(ExtensibilityGlobals) = postSolution
		SolutionGuid = {537994B5-851A-439F-89CE-A61A10A74CF9}
	EndGlobalSection
EndGlobal
